
Microsoft Visual Studio Solution File, Format Version 10.00
# Visual Studio 2008
Project("{FAE04EC0-301F-11D3-BF4B-00C04F79EFBC}") = "Droog.SolutionVSSettings", "Droog.SolutionVSSettings\Droog.SolutionVSSettings.csproj", "{8A3ED118-F917-4A06-8F79-080ED35EF563}"
EndProject
Global
	GlobalSection(SolutionConfigurationPlatforms) = preSolution
		Debug|Any CPU = Debug|Any CPU
		Release|Any CPU = Release|Any CPU
	EndGlobalSection
	GlobalSection(ProjectConfigurationPlatforms) = postSolution
		{8A3ED118-F917-4A06-8F79-080ED35EF563}.Debug|Any CPU.ActiveCfg = Debug|Any CPU
		{8A3ED118-F917-4A06-8F79-080ED35EF563}.Debug|Any CPU.Build.0 = Debug|Any CPU
		{8A3ED118-F917-4A06-8F79-080ED35EF563}.Release|Any CPU.ActiveCfg = Release|Any CPU
		{8A3ED118-F917-4A06-8F79-080ED35EF563}.Release|Any CPU.Build.0 = Release|Any CPU
	EndGlobalSection
	GlobalSection(SolutionProperties) = preSolution
		HideSolutionNode = FALSE
	EndGlobalSection
EndGlobal
